# This file is generated by running "yarn install" inside your project.
# Manual changes might be lost - proceed with caution!

__metadata:
  version: 6
  cacheKey: 8

"babel@npm:^6.23.0":
  version: 6.23.0
  resolution: "babel@npm:6.23.0"
  bin:
    babel: ./lib/cli.js
    babel-external-helpers: ./lib/cli.js
    babel-node: ./lib/cli.js
  checksum: 129af541cdfa010f09d7c6413a2e0b159f98605195ae05952dfef4d36de22b995536920c09f189676db2304d81faad8203ee787eb12029d89a9a59136beda488
  languageName: node
  linkType: hard

"bitbucket-url-to-object@npm:^0.3.0":
  version: 0.3.0
  resolution: "bitbucket-url-to-object@npm:0.3.0"
  dependencies:
    is-url: ^1.1.0
  checksum: 34afbbdcdf3edd6f0e9f2d9df1d3921482c2c597e40cd11fef7a8c1d8c1cdbbb6f64ff33e3456aef9b7e9c5511a76f3ad9d30d89f09ff82774dfa2f1f0fb2db5
  languageName: node
  linkType: hard

"github-url-to-object@npm:^2.2.1":
  version: 2.2.6
  resolution: "github-url-to-object@npm:2.2.6"
  dependencies:
    is-url: ^1.1.0
  checksum: 9acc9c8fa3f02dcfe282f5cb13f8a10b6b08fb6390f90d9ca1d63e9b08429a305b67dee4d9e8f56d759cf69909b7b08a6992275123eb1dbb144386c1be1511fc
  languageName: node
  linkType: hard

"is-url@npm:^1.1.0":
  version: 1.2.4
  resolution: "is-url@npm:1.2.4"
  checksum: 100e74b3b1feab87a43ef7653736e88d997eb7bd32e71fd3ebc413e58c1cbe56269699c776aaea84244b0567f2a7d68dfaa512a062293ed2f9fdecb394148432
  languageName: node
  linkType: hard

"newyarn@workspace:.":
  version: 0.0.0-use.local
  resolution: "newyarn@workspace:."
  dependencies:
    babel: ^6.23.0
    package-repo: ^1.0.0
  languageName: unknown
  linkType: soft

"package-repo@npm:^1.0.0":
  version: 1.0.0
  resolution: "package-repo@npm:1.0.0"
  dependencies:
    bitbucket-url-to-object: ^0.3.0
    github-url-to-object: ^2.2.1
  checksum: fc490897ec8df9e32f3cb40934ce753e513cf918480d410b3d964736d4c8118d1a6743785047814ddfb7d179546f27c5d86e11e2112a5d1920e7dd7ecc1c2032
  languageName: node
  linkType: hard
